// !$*UTF8*$!
{
	archiveVersion = 1;
	classes = {
	};
	objectVersion = 56;
	objects = {

/* Begin PBXBuildFile section */
		8001C1712A380B0B007198A2 /* Food_ApplicationApp.swift in Sources */ = {isa = PBXBuildFile; fileRef = 8001C1702A380B0B007198A2 /* Food_ApplicationApp.swift */; };
		8001C1732A380B0B007198A2 /* ContentView.swift in Sources */ = {isa = PBXBuildFile; fileRef = 8001C1722A380B0B007198A2 /* ContentView.swift */; };
		8001C1752A380B0B007198A2 /* Assets.xcassets in Resources */ = {isa = PBXBuildFile; fileRef = 8001C1742A380B0B007198A2 /* Assets.xcassets */; };
		8001C1782A380B0B007198A2 /* Preview Assets.xcassets in Resources */ = {isa = PBXBuildFile; fileRef = 8001C1772A380B0B007198A2 /* Preview Assets.xcassets */; };
		8001C1822A380B0C007198A2 /* Food_ApplicationTests.swift in Sources */ = {isa = PBXBuildFile; fileRef = 8001C1812A380B0C007198A2 /* Food_ApplicationTests.swift */; };
		8001C18C2A380B0C007198A2 /* Food_ApplicationUITests.swift in Sources */ = {isa = PBXBuildFile; fileRef = 8001C18B2A380B0C007198A2 /* Food_ApplicationUITests.swift */; };
		8001C18E2A380B0C007198A2 /* Food_ApplicationUITestsLaunchTests.swift in Sources */ = {isa = PBXBuildFile; fileRef = 8001C18D2A380B0C007198A2 /* Food_ApplicationUITestsLaunchTests.swift */; };
/* End PBXBuildFile section */

/* Begin PBXContainerItemProxy section */
		8001C17E2A380B0C007198A2 /* PBXContainerItemProxy */ = {
			isa = PBXContainerItemProxy;
			containerPortal = 8001C1652A380B0B007198A2 /* Project object */;
			proxyType = 1;
			remoteGlobalIDString = 8001C16C2A380B0B007198A2;
			remoteInfo = "Food Application";
		};
		8001C1882A380B0C007198A2 /* PBXContainerItemProxy */ = {
			isa = PBXContainerItemProxy;
			containerPortal = 8001C1652A380B0B007198A2 /* Project object */;
			proxyType = 1;
			remoteGlobalIDString = 8001C16C2A380B0B007198A2;
			remoteInfo = "Food Application";
		};
/* End PBXContainerItemProxy section */

/* Begin PBXFileReference section */
		8001C16D2A380B0B007198A2 /* Food Application.app */ = {isa = PBXFileReference; explicitFileType = wrapper.application; includeInIndex = 0; path = "Food Application.app"; sourceTree = BUILT_PRODUCTS_DIR; };
		8001C1702A380B0B007198A2 /* Food_ApplicationApp.swift */ = {isa = PBXFileReference; lastKnownFileType = sourcecode.swift; path = Food_ApplicationApp.swift; sourceTree = "<group>"; };
		8001C1722A380B0B007198A2 /* ContentView.swift */ = {isa = PBXFileReference; lastKnownFileType = sourcecode.swift; path = ContentView.swift; sourceTree = "<group>"; };
		8001C1742A380B0B007198A2 /* Assets.xcassets */ = {isa = PBXFileReference; lastKnownFileType = folder.assetcatalog; path = Assets.xcassets; sourceTree = "<group>"; };
		8001C1772A380B0B007198A2 /* Preview Assets.xcassets */ = {isa = PBXFileReference; lastKnownFileType = folder.assetcatalog; path = "Preview Assets.xcassets"; sourceTree = "<group>"; };
		8001C17D2A380B0C007198A2 /* Food ApplicationTests.xctest */ = {isa = PBXFileReference; explicitFileType = wrapper.cfbundle; includeInIndex = 0; path = "Food ApplicationTests.xctest"; sourceTree = BUILT_PRODUCTS_DIR; };
		8001C1812A380B0C007198A2 /* Food_ApplicationTests.swift */ = {isa = PBXFileReference; lastKnownFileType = sourcecode.swift; path = Food_ApplicationTests.swift; sourceTree = "<group>"; };
		8001C1872A380B0C007198A2 /* Food ApplicationUITests.xctest */ = {isa = PBXFileReference; explicitFileType = wrapper.cfbundle; includeInIndex = 0; path = "Food ApplicationUITests.xctest"; sourceTree = BUILT_PRODUCTS_DIR; };
		8001C18B2A380B0C007198A2 /* Food_ApplicationUITests.swift */ = {isa = PBXFileReference; lastKnownFileType = sourcecode.swift; path = Food_ApplicationUITests.swift; sourceTree = "<group>"; };
		8001C18D2A380B0C007198A2 /* Food_ApplicationUITestsLaunchTests.swift */ = {isa = PBXFileReference; lastKnownFileType = sourcecode.swift; path = Food_ApplicationUITestsLaunchTests.swift; sourceTree = "<group>"; };
/* End PBXFileReference section */

/* Begin PBXFrameworksBuildPhase section */
		8001C16A2A380B0B007198A2 /* Frameworks */ = {
			isa = PBXFrameworksBuildPhase;
			buildActionMask = 2147483647;
			files = (
			);
			runOnlyForDeploymentPostprocessing = 0;
		};
		8001C17A2A380B0C007198A2 /* Frameworks */ = {
			isa = PBXFrameworksBuildPhase;
			buildActionMask = 2147483647;
			files = (
			);
			runOnlyForDeploymentPostprocessing = 0;
		};
		8001C1842A380B0C007198A2 /* Frameworks */ = {
			isa = PBXFrameworksBuildPhase;
			buildActionMask = 2147483647;
			files = (
			);
			runOnlyForDeploymentPostprocessing = 0;
		};
/* End PBXFrameworksBuildPhase section */

/* Begin PBXGroup section */
		8001C1642A380B0B007198A2 = {
			isa = PBXGroup;
			children = (
				8001C16F2A380B0B007198A2 /* Food Application */,
				8001C1802A380B0C007198A2 /* Food ApplicationTests */,
				8001C18A2A380B0C007198A2 /* Food ApplicationUITests */,
				8001C16E2A380B0B007198A2 /* Products */,
			);
			sourceTree = "<group>";
		};
		8001C16E2A380B0B007198A2 /* Products */ = {
			isa = PBXGroup;
			children = (
				8001C16D2A380B0B007198A2 /* Food Application.app */,
				8001C17D2A380B0C007198A2 /* Food ApplicationTests.xctest */,
				8001C1872A380B0C007198A2 /* Food ApplicationUITests.xctest */,
			);
			name = Products;
			sourceTree = "<group>";
		};
		8001C16F2A380B0B007198A2 /* Food Application */ = {
			isa = PBXGroup;
			children = (
				8001C1702A380B0B007198A2 /* Food_ApplicationApp.swift */,
				8001C1722A380B0B007198A2 /* ContentView.swift */,
				8001C1742A380B0B007198A2 /* Assets.xcassets */,
				8001C1762A380B0B007198A2 /* Preview Content */,
			);
			path = "Food Application";
			sourceTree = "<group>";
		};
		8001C1762A380B0B007198A2 /* Preview Content */ = {
			isa = PBXGroup;
			children = (
				8001C1772A380B0B007198A2 /* Preview Assets.xcassets */,
			);
			path = "Preview Content";
			sourceTree = "<group>";
		};
		8001C1802A380B0C007198A2 /* Food ApplicationTests */ = {
			isa = PBXGroup;
			children = (
				8001C1812A380B0C007198A2 /* Food_ApplicationTests.swift */,
			);
			path = "Food ApplicationTests";
			sourceTree = "<group>";
		};
		8001C18A2A380B0C007198A2 /* Food ApplicationUITests */ = {
			isa = PBXGroup;
			children = (
				8001C18B2A380B0C007198A2 /* Food_ApplicationUITests.swift */,
				8001C18D2A380B0C007198A2 /* Food_ApplicationUITestsLaunchTests.swift */,
			);
			path = "Food ApplicationUITests";
			sourceTree = "<group>";
		};
/* End PBXGroup section */

/* Begin PBXNativeTarget section */
		8001C16C2A380B0B007198A2 /* Food Application */ = {
			isa = PBXNativeTarget;
			buildConfigurationList = 8001C1912A380B0C007198A2 /* Build configuration list for PBXNativeTarget "Food Application" */;
			buildPhases = (
				8001C1692A380B0B007198A2 /* Sources */,
				8001C16A2A380B0B007198A2 /* Frameworks */,
				8001C16B2A380B0B007198A2 /* Resources */,
			);
			buildRules = (
			);
			dependencies = (
			);
			name = "Food Application";
			productName = "Food Application";
			productReference = 8001C16D2A380B0B007198A2 /* Food Application.app */;
			productType = "com.apple.product-type.application";
		};
		8001C17C2A380B0C007198A2 /* Food ApplicationTests */ = {
			isa = PBXNativeTarget;
			buildConfigurationList = 8001C1942A380B0C007198A2 /* Build configuration list for PBXNativeTarget "Food ApplicationTests" */;
			buildPhases = (
				8001C1792A380B0C007198A2 /* Sources */,
				8001C17A2A380B0C007198A2 /* Frameworks */,
				8001C17B2A380B0C007198A2 /* Resources */,
			);
			buildRules = (
			);
			dependencies = (
				8001C17F2A380B0C007198A2 /* PBXTargetDependency */,
			);
			name = "Food ApplicationTests";
			productName = "Food ApplicationTests";
			productReference = 8001C17D2A380B0C007198A2 /* Food ApplicationTests.xctest */;
			productType = "com.apple.product-type.bundle.unit-test";
		};
		8001C1862A380B0C007198A2 /* Food ApplicationUITests */ = {
			isa = PBXNativeTarget;
			buildConfigurationList = 8001C1972A380B0C007198A2 /* Build configuration list for PBXNativeTarget "Food ApplicationUITests" */;
			buildPhases = (
				8001C1832A380B0C007198A2 /* Sources */,
				8001C1842A380B0C007198A2 /* Frameworks */,
				8001C1852A380B0C007198A2 /* Resources */,
			);
			buildRules = (
			);
			dependencies = (
				8001C1892A380B0C007198A2 /* PBXTargetDependency */,
			);
			name = "Food ApplicationUITests";
			productName = "Food ApplicationUITests";
			productReference = 8001C1872A380B0C007198A2 /* Food ApplicationUITests.xctest */;
			productType = "com.apple.product-type.bundle.ui-testing";
		};
/* End PBXNativeTarget section */

/* Begin PBXProject section */
		8001C1652A380B0B007198A2 /* Project object */ = {
			isa = PBXProject;
			attributes = {
				BuildIndependentTargetsInParallel = 1;
				LastSwiftUpdateCheck = 1430;
				LastUpgradeCheck = 1430;
				TargetAttributes = {
					8001C16C2A380B0B007198A2 = {
						CreatedOnToolsVersion = 14.3;
					};
					8001C17C2A380B0C007198A2 = {
						CreatedOnToolsVersion = 14.3;
						TestTargetID = 8001C16C2A380B0B007198A2;
					};
					8001C1862A380B0C007198A2 = {
						CreatedOnToolsVersion = 14.3;
						TestTargetID = 8001C16C2A380B0B007198A2;
					};
				};
			};
			buildConfigurationList = 8001C1682A380B0B007198A2 /* Build configuration list for PBXProject "Food Application" */;
			compatibilityVersion = "Xcode 14.0";
			developmentRegion = en;
			hasScannedForEncodings = 0;
			knownRegions = (
				en,
				Base,
			);
			mainGroup = 8001C1642A380B0B007198A2;
			productRefGroup = 8001C16E2A380B0B007198A2 /* Products */;
			projectDirPath = "";
			projectRoot = "";
			targets = (
				8001C16C2A380B0B007198A2 /* Food Application */,
				8001C17C2A380B0C007198A2 /* Food ApplicationTests */,
				8001C1862A380B0C007198A2 /* Food ApplicationUITests */,
			);
		};
/* End PBXProject section */

/* Begin PBXResourcesBuildPhase section */
		8001C16B2A380B0B007198A2 /* Resources */ = {
			isa = PBXResourcesBuildPhase;
			buildActionMask = 2147483647;
			files = (
				8001C1782A380B0B007198A2 /* Preview Assets.xcassets in Resources */,
				8001C1752A380B0B007198A2 /* Assets.xcassets in Resources */,
			);
			runOnlyForDeploymentPostprocessing = 0;
		};
		8001C17B2A380B0C007198A2 /* Resources */ = {
			isa = PBXResourcesBuildPhase;
			buildActionMask = 2147483647;
			files = (
			);
			runOnlyForDeploymentPostprocessing = 0;
		};
		8001C1852A380B0C007198A2 /* Resources */ = {
			isa = PBXResourcesBuildPhase;
			buildActionMask = 2147483647;
			files = (
			);
			runOnlyForDeploymentPostprocessing = 0;
		};
/* End PBXResourcesBuildPhase section */

/* Begin PBXSourcesBuildPhase section */
		8001C1692A380B0B007198A2 /* Sources */ = {
			isa = PBXSourcesBuildPhase;
			buildActionMask = 2147483647;
			files = (
				8001C1732A380B0B007198A2 /* ContentView.swift in Sources */,
				8001C1712A380B0B007198A2 /* Food_ApplicationApp.swift in Sources */,
			);
			runOnlyForDeploymentPostprocessing = 0;
		};
		8001C1792A380B0C007198A2 /* Sources */ = {
			isa = PBXSourcesBuildPhase;
			buildActionMask = 2147483647;
			files = (
				8001C1822A380B0C007198A2 /* Food_ApplicationTests.swift in Sources */,
			);
			runOnlyForDeploymentPostprocessing = 0;
		};
		8001C1832A380B0C007198A2 /* Sources */ = {
			isa = PBXSourcesBuildPhase;
			buildActionMask = 2147483647;
			files = (
				8001C18C2A380B0C007198A2 /* Food_ApplicationUITests.swift in Sources */,
				8001C18E2A380B0C007198A2 /* Food_ApplicationUITestsLaunchTests.swift in Sources */,
			);
			runOnlyForDeploymentPostprocessing = 0;
		};
/* End PBXSourcesBuildPhase section */

/* Begin PBXTargetDependency section */
		8001C17F2A380B0C007198A2 /* PBXTargetDependency */ = {
			isa = PBXTargetDependency;
			target = 8001C16C2A380B0B007198A2 /* Food Application */;
			targetProxy = 8001C17E2A380B0C007198A2 /* PBXContainerItemProxy */;
		};
		8001C1892A380B0C007198A2 /* PBXTargetDependency */ = {
			isa = PBXTargetDependency;
			target = 8001C16C2A380B0B007198A2 /* Food Application */;
			targetProxy = 8001C1882A380B0C007198A2 /* PBXContainerItemProxy */;
		};
/* End PBXTargetDependency section */

/* Begin XCBuildConfiguration section */
		8001C18F2A380B0C007198A2 /* Debug */ = {
			isa = XCBuildConfiguration;
			buildSettings = {
				ALWAYS_SEARCH_USER_PATHS = NO;
				CLANG_ANALYZER_NONNULL = YES;
				CLANG_ANALYZER_NUMBER_OBJECT_CONVERSION = YES_AGGRESSIVE;
				CLANG_CXX_LANGUAGE_STANDARD = "gnu++20";
				CLANG_ENABLE_MODULES = YES;
				CLANG_ENABLE_OBJC_ARC = YES;
				CLANG_ENABLE_OBJC_WEAK = YES;
				CLANG_WARN_BLOCK_CAPTURE_AUTORELEASING = YES;
				CLANG_WARN_BOOL_CONVERSION = YES;
				CLANG_WARN_COMMA = YES;
				CLANG_WARN_CONSTANT_CONVERSION = YES;
				CLANG_WARN_DEPRECATED_OBJC_IMPLEMENTATIONS = YES;
				CLANG_WARN_DIRECT_OBJC_ISA_USAGE = YES_ERROR;
				CLANG_WARN_DOCUMENTATION_COMMENTS = YES;
				CLANG_WARN_EMPTY_BODY = YES;
				CLANG_WARN_ENUM_CONVERSION = YES;
				CLANG_WARN_INFINITE_RECURSION = YES;
				CLANG_WARN_INT_CONVERSION = YES;
				CLANG_WARN_NON_LITERAL_NULL_CONVERSION = YES;
				CLANG_WARN_OBJC_IMPLICIT_RETAIN_SELF = YES;
				CLANG_WARN_OBJC_LITERAL_CONVERSION = YES;
				CLANG_WARN_OBJC_ROOT_CLASS = YES_ERROR;
				CLANG_WARN_QUOTED_INCLUDE_IN_FRAMEWORK_HEADER = YES;
				CLANG_WARN_RANGE_LOOP_ANALYSIS = YES;
				CLANG_WARN_STRICT_PROTOTYPES = YES;
				CLANG_WARN_SUSPICIOUS_MOVE = YES;
				CLANG_WARN_UNGUARDED_AVAILABILITY = YES_AGGRESSIVE;
				CLANG_WARN_UNREACHABLE_CODE = YES;
				CLANG_WARN__DUPLICATE_METHOD_MATCH = YES;
				COPY_PHASE_STRIP = NO;
				DEBUG_INFORMATION_FORMAT = dwarf;
				ENABLE_STRICT_OBJC_MSGSEND = YES;
				ENABLE_TESTABILITY = YES;
				GCC_C_LANGUAGE_STANDARD = gnu11;
				GCC_DYNAMIC_NO_PIC = NO;
				GCC_NO_COMMON_BLOCKS = YES;
				GCC_OPTIMIZATION_LEVEL = 0;
				GCC_PREPROCESSOR_DEFINITIONS = (
					"DEBUG=1",
					"$(inherited)",
				);
				GCC_WARN_64_TO_32_BIT_CONVERSION = YES;
				GCC_WARN_ABOUT_RETURN_TYPE = YES_ERROR;
				GCC_WARN_UNDECLARED_SELECTOR = YES;
				GCC_WARN_UNINITIALIZED_AUTOS = YES_AGGRESSIVE;
				GCC_WARN_UNUSED_FUNCTION = YES;
				GCC_WARN_UNUSED_VARIABLE = YES;
				IPHONEOS_DEPLOYMENT_TARGET = 16.4;
				MTL_ENABLE_DEBUG_INFO = INCLUDE_SOURCE;
				MTL_FAST_MATH = YES;
				ONLY_ACTIVE_ARCH = YES;
				SDKROOT = iphoneos;
				SWIFT_ACTIVE_COMPILATION_CONDITIONS = DEBUG;
				SWIFT_OPTIMIZATION_LEVEL = "-Onone";
			};
			name = Debug;
		};
		8001C1902A380B0C007198A2 /* Release */ = {
			isa = XCBuildConfiguration;
			buildSettings = {
				ALWAYS_SEARCH_USER_PATHS = NO;
				CLANG_ANALYZER_NONNULL = YES;
				CLANG_ANALYZER_NUMBER_OBJECT_CONVERSION = YES_AGGRESSIVE;
				CLANG_CXX_LANGUAGE_STANDARD = "gnu++20";
				CLANG_ENABLE_MODULES = YES;
				CLANG_ENABLE_OBJC_ARC = YES;
				CLANG_ENABLE_OBJC_WEAK = YES;
				CLANG_WARN_BLOCK_CAPTURE_AUTORELEASING = YES;
				CLANG_WARN_BOOL_CONVERSION = YES;
				CLANG_WARN_COMMA = YES;
				CLANG_WARN_CONSTANT_CONVERSION = YES;
				CLANG_WARN_DEPRECATED_OBJC_IMPLEMENTATIONS = YES;
				CLANG_WARN_DIRECT_OBJC_ISA_USAGE = YES_ERROR;
				CLANG_WARN_DOCUMENTATION_COMMENTS = YES;
				CLANG_WARN_EMPTY_BODY = YES;
				CLANG_WARN_ENUM_CONVERSION = YES;
				CLANG_WARN_INFINITE_RECURSION = YES;
				CLANG_WARN_INT_CONVERSION = YES;
				CLANG_WARN_NON_LITERAL_NULL_CONVERSION = YES;
				CLANG_WARN_OBJC_IMPLICIT_RETAIN_SELF = YES;
				CLANG_WARN_OBJC_LITERAL_CONVERSION = YES;
				CLANG_WARN_OBJC_ROOT_CLASS = YES_ERROR;
				CLANG_WARN_QUOTED_INCLUDE_IN_FRAMEWORK_HEADER = YES;
				CLANG_WARN_RANGE_LOOP_ANALYSIS = YES;
				CLANG_WARN_STRICT_PROTOTYPES = YES;
				CLANG_WARN_SUSPICIOUS_MOVE = YES;
				CLANG_WARN_UNGUARDED_AVAILABILITY = YES_AGGRESSIVE;
				CLANG_WARN_UNREACHABLE_CODE = YES;
				CLANG_WARN__DUPLICATE_METHOD_MATCH = YES;
				COPY_PHASE_STRIP = NO;
				DEBUG_INFORMATION_FORMAT = "dwarf-with-dsym";
				ENABLE_NS_ASSERTIONS = NO;
				ENABLE_STRICT_OBJC_MSGSEND = YES;
				GCC_C_LANGUAGE_STANDARD = gnu11;
				GCC_NO_COMMON_BLOCKS = YES;
				GCC_WARN_64_TO_32_BIT_CONVERSION = YES;
				GCC_WARN_ABOUT_RETURN_TYPE = YES_ERROR;
				GCC_WARN_UNDECLARED_SELECTOR = YES;
				GCC_WARN_UNINITIALIZED_AUTOS = YES_AGGRESSIVE;
				GCC_WARN_UNUSED_FUNCTION = YES;
				GCC_WARN_UNUSED_VARIABLE = YES;
				IPHONEOS_DEPLOYMENT_TARGET = 16.4;
				MTL_ENABLE_DEBUG_INFO = NO;
				MTL_FAST_MATH = YES;
				SDKROOT = iphoneos;
				SWIFT_COMPILATION_MODE = wholemodule;
				SWIFT_OPTIMIZATION_LEVEL = "-O";
				VALIDATE_PRODUCT = YES;
			};
			name = Release;
		};
		8001C1922A380B0C007198A2 /* Debug */ = {
			isa = XCBuildConfiguration;
			buildSettings = {
				ASSETCATALOG_COMPILER_APPICON_NAME = AppIcon;
				ASSETCATALOG_COMPILER_GLOBAL_ACCENT_COLOR_NAME = AccentColor;
				CODE_SIGN_STYLE = Automatic;
				CURRENT_PROJECT_VERSION = 1;
				DEVELOPMENT_ASSET_PATHS = "\"Food Application/Preview Content\"";
				ENABLE_PREVIEWS = YES;
				GENERATE_INFOPLIST_FILE = YES;
				INFOPLIST_KEY_UIApplicationSceneManifest_Generation = YES;
				INFOPLIST_KEY_UIApplicationSupportsIndirectInputEvents = YES;
				INFOPLIST_KEY_UILaunchScreen_Generation = YES;
				INFOPLIST_KEY_UISupportedInterfaceOrientations_iPad = "UIInterfaceOrientationPortrait UIInterfaceOrientationPortraitUpsideDown UIInterfaceOrientationLandscapeLeft UIInterfaceOrientationLandscapeRight";
				INFOPLIST_KEY_UISupportedInterfaceOrientations_iPhone = "UIInterfaceOrientationPortrait UIInterfaceOrientationLandscapeLeft UIInterfaceOrientationLandscapeRight";
				LD_RUNPATH_SEARCH_PATHS = (
					"$(inherited)",
					"@executable_path/Frameworks",
				);
				MARKETING_VERSION = 1.0;
				PRODUCT_BUNDLE_IDENTIFIER = "com.satheesh.Food-Application";
				PRODUCT_NAME = "$(TARGET_NAME)";
				SWIFT_EMIT_LOC_STRINGS = YES;
				SWIFT_VERSION = 5.0;
				TARGETED_DEVICE_FAMILY = "1,2";
			};
			name = Debug;
		};
		8001C1932A380B0C007198A2 /* Release */ = {
			isa = XCBuildConfiguration;
			buildSettings = {
				ASSETCATALOG_COMPILER_APPICON_NAME = AppIcon;
				ASSETCATALOG_COMPILER_GLOBAL_ACCENT_COLOR_NAME = AccentColor;
				CODE_SIGN_STYLE = Automatic;
				CURRENT_PROJECT_VERSION = 1;
				DEVELOPMENT_ASSET_PATHS = "\"Food Application/Preview Content\"";
				ENABLE_PREVIEWS = YES;
				GENERATE_INFOPLIST_FILE = YES;
				INFOPLIST_KEY_UIApplicationSceneManifest_Generation = YES;
				INFOPLIST_KEY_UIApplicationSupportsIndirectInputEvents = YES;
				INFOPLIST_KEY_UILaunchScreen_Generation = YES;
				INFOPLIST_KEY_UISupportedInterfaceOrientations_iPad = "UIInterfaceOrientationPortrait UIInterfaceOrientationPortraitUpsideDown UIInterfaceOrientationLandscapeLeft UIInterfaceOrientationLandscapeRight";
				INFOPLIST_KEY_UISupportedInterfaceOrientations_iPhone = "UIInterfaceOrientationPortrait UIInterfaceOrientationLandscapeLeft UIInterfaceOrientationLandscapeRight";
				LD_RUNPATH_SEARCH_PATHS = (
					"$(inherited)",
					"@executable_path/Frameworks",
				);
				MARKETING_VERSION = 1.0;
				PRODUCT_BUNDLE_IDENTIFIER = "com.satheesh.Food-Application";
				PRODUCT_NAME = "$(TARGET_NAME)";
				SWIFT_EMIT_LOC_STRINGS = YES;
				SWIFT_VERSION = 5.0;
				TARGETED_DEVICE_FAMILY = "1,2";
			};
			name = Release;
		};
		8001C1952A380B0C007198A2 /* Debug */ = {
			isa = XCBuildConfiguration;
			buildSettings = {
				ALWAYS_EMBED_SWIFT_STANDARD_LIBRARIES = YES;
				BUNDLE_LOADER = "$(TEST_HOST)";
				CODE_SIGN_STYLE = Automatic;
				CURRENT_PROJECT_VERSION = 1;
				GENERATE_INFOPLIST_FILE = YES;
				IPHONEOS_DEPLOYMENT_TARGET = 16.4;
				MARKETING_VERSION = 1.0;
				PRODUCT_BUNDLE_IDENTIFIER = "com.satheesh.Food-ApplicationTests";
				PRODUCT_NAME = "$(TARGET_NAME)";
				SWIFT_EMIT_LOC_STRINGS = NO;
				SWIFT_VERSION = 5.0;
				TARGETED_DEVICE_FAMILY = "1,2";
				TEST_HOST = "$(BUILT_PRODUCTS_DIR)/Food Application.app/$(BUNDLE_EXECUTABLE_FOLDER_PATH)/Food Application";
			};
			name = Debug;
		};
		8001C1962A380B0C007198A2 /* Release */ = {
			isa = XCBuildConfiguration;
			buildSettings = {
				ALWAYS_EMBED_SWIFT_STANDARD_LIBRARIES = YES;
				BUNDLE_LOADER = "$(TEST_HOST)";
				CODE_SIGN_STYLE = Automatic;
				CURRENT_PROJECT_VERSION = 1;
				GENERATE_INFOPLIST_FILE = YES;
				IPHONEOS_DEPLOYMENT_TARGET = 16.4;
				MARKETING_VERSION = 1.0;
				PRODUCT_BUNDLE_IDENTIFIER = "com.satheesh.Food-ApplicationTests";
				PRODUCT_NAME = "$(TARGET_NAME)";
				SWIFT_EMIT_LOC_STRINGS = NO;
				SWIFT_VERSION = 5.0;
				TARGETED_DEVICE_FAMILY = "1,2";
				TEST_HOST = "$(BUILT_PRODUCTS_DIR)/Food Application.app/$(BUNDLE_EXECUTABLE_FOLDER_PATH)/Food Application";
			};
			name = Release;
		};
		8001C1982A380B0C007198A2 /* Debug */ = {
			isa = XCBuildConfiguration;
			buildSettings = {
				ALWAYS_EMBED_SWIFT_STANDARD_LIBRARIES = YES;
				CODE_SIGN_STYLE = Automatic;
				CURRENT_PROJECT_VERSION = 1;
				GENERATE_INFOPLIST_FILE = YES;
				MARKETING_VERSION = 1.0;
				PRODUCT_BUNDLE_IDENTIFIER = "com.satheesh.Food-ApplicationUITests";
				PRODUCT_NAME = "$(TARGET_NAME)";
				SWIFT_EMIT_LOC_STRINGS = NO;
				SWIFT_VERSION = 5.0;
				TARGETED_DEVICE_FAMILY = "1,2";
				TEST_TARGET_NAME = "Food Application";
			};
			name = Debug;
		};
		8001C1992A380B0C007198A2 /* Release */ = {
			isa = XCBuildConfiguration;
			buildSettings = {
				ALWAYS_EMBED_SWIFT_STANDARD_LIBRARIES = YES;
				CODE_SIGN_STYLE = Automatic;
				CURRENT_PROJECT_VERSION = 1;
				GENERATE_INFOPLIST_FILE = YES;
				MARKETING_VERSION = 1.0;
				PRODUCT_BUNDLE_IDENTIFIER = "com.satheesh.Food-ApplicationUITests";
				PRODUCT_NAME = "$(TARGET_NAME)";
				SWIFT_EMIT_LOC_STRINGS = NO;
				SWIFT_VERSION = 5.0;
				TARGETED_DEVICE_FAMILY = "1,2";
				TEST_TARGET_NAME = "Food Application";
			};
			name = Release;
		};
/* End XCBuildConfiguration section */

/* Begin XCConfigurationList section */
		8001C1682A380B0B007198A2 /* Build configuration list for PBXProject "Food Application" */ = {
			isa = XCConfigurationList;
			buildConfigurations = (
				8001C18F2A380B0C007198A2 /* Debug */,
				8001C1902A380B0C007198A2 /* Release */,
			);
			defaultConfigurationIsVisible = 0;
			defaultConfigurationName = Release;
		};
		8001C1912A380B0C007198A2 /* Build configuration list for PBXNativeTarget "Food Application" */ = {
			isa = XCConfigurationList;
			buildConfigurations = (
				8001C1922A380B0C007198A2 /* Debug */,
				8001C1932A380B0C007198A2 /* Release */,
			);
			defaultConfigurationIsVisible = 0;
			defaultConfigurationName = Release;
		};
		8001C1942A380B0C007198A2 /* Build configuration list for PBXNativeTarget "Food ApplicationTests" */ = {
			isa = XCConfigurationList;
			buildConfigurations = (
				8001C1952A380B0C007198A2 /* Debug */,
				8001C1962A380B0C007198A2 /* Release */,
			);
			defaultConfigurationIsVisible = 0;
			defaultConfigurationName = Release;
		};
		8001C1972A380B0C007198A2 /* Build configuration list for PBXNativeTarget "Food ApplicationUITests" */ = {
			isa = XCConfigurationList;
			buildConfigurations = (
				8001C1982A380B0C007198A2 /* Debug */,
				8001C1992A380B0C007198A2 /* Release */,
			);
			defaultConfigurationIsVisible = 0;
			defaultConfigurationName = Release;
		};
/* End XCConfigurationList section */
	};
	rootObject = 8001C1652A380B0B007198A2 /* Project object */;
}
